
Microsoft Visual Studio Solution File, Format Version 12.00
# Visual Studio Version 17
VisualStudioVersion = 17.7.34031.279
MinimumVisualStudioVersion = 10.0.40219.1
Project("{2150E333-8FDC-42A3-9474-1A3956D46DE8}") = "src", "src", "{1CADFD56-F23F-4A8B-A4A5-C3A7B9983A29}"
EndProject
Project("{2150E333-8FDC-42A3-9474-1A3956D46DE8}") = "core", "core", "{04BDBA8D-826A-44F6-8E7E-68A253908FAB}"
EndProject
Project("{2150E333-8FDC-42A3-9474-1A3956D46DE8}") = "apps", "apps", "{CE7C692C-CA60-40BC-9081-2DB0CAA936BD}"
EndProject
Project("{2150E333-8FDC-42A3-9474-1A3956D46DE8}") = "test", "test", "{18CC7602-5704-41A3-892B-CE6C4953522F}"
EndProject
Project("{9A19103F-16F7-4668-BE54-9A1E7A4F7556}") = "Tribitgroup.Framework.Identity", "src\core\Tribitgroup.framework.Identity\Tribitgroup.Framework.Identity.csproj", "{A99EBD09-2DEE-4E68-8957-D8FE940C2EAF}"
EndProject
Project("{9A19103F-16F7-4668-BE54-9A1E7A4F7556}") = "Tribitgroup.Framework.Shared", "src\core\Tribitgroup.framework.Shared\Tribitgroup.Framework.Shared.csproj", "{40DAD6FD-2250-428D-BAE0-231F8A687659}"
EndProject
Project("{9A19103F-16F7-4668-BE54-9A1E7A4F7556}") = "Tribitgroup.Framework.Identity.API", "src\apps\Tribitgroup.framework.Identity.API\Tribitgroup.Framework.Identity.API.csproj", "{FD0CAD44-8EA3-4D89-8D35-5BB3E5A76FAC}"
EndProject
Project("{9A19103F-16F7-4668-BE54-9A1E7A4F7556}") = "Tribitgroup.Framework.Identity.Shared", "src\core\Tribitgroup.framework.Identity.Shared\Tribitgroup.Framework.Identity.Shared.csproj", "{9A38020D-3A80-4B92-B6CE-F605BBA0C15B}"
EndProject
Project("{9A19103F-16F7-4668-BE54-9A1E7A4F7556}") = "Tribitgroup.Framework.Identity.Tests", "test\Tribitgroup.Framework.Identity.Tests\Tribitgroup.Framework.Identity.Tests.csproj", "{C7EE7DFC-59E2-4649-9BCE-EA4707885984}"
EndProject
Project("{9A19103F-16F7-4668-BE54-9A1E7A4F7556}") = "ConsoleTestApp", "src\apps\ConsoleTestApp\ConsoleTestApp.csproj", "{F16F3CD5-C407-43F2-BB5C-AA7D1C411CCE}"
EndProject
Project("{9A19103F-16F7-4668-BE54-9A1E7A4F7556}") = "Tribitgroup.Framework.Identity.Server", "src\core\Tribitgroup.framework.Identity.Server\Tribitgroup.Framework.Identity.Server.csproj", "{120704FF-8A95-48D8-B31D-19A4600E9EEA}"
EndProject
Project("{9A19103F-16F7-4668-BE54-9A1E7A4F7556}") = "Tribitgroup.Framework.Dapper", "src\core\Tribitgroup.Framework.Dapper\Tribitgroup.Framework.Dapper.csproj", "{A4809E38-A787-41CF-856A-8879F964D7FE}"
EndProject
Project("{9A19103F-16F7-4668-BE54-9A1E7A4F7556}") = "Tribitgroup.Framework.DB.Relational.Helper", "src\core\Tribitgroup.Framework.DB.Relational.Helper\Tribitgroup.Framework.DB.Relational.Helper.csproj", "{E005A20B-1CE2-47B7-9AC2-344102346745}"
EndProject
Project("{9A19103F-16F7-4668-BE54-9A1E7A4F7556}") = "Tribitgroup.Framework.Identity.Web", "src\core\Tribitgroup.Framework.Identity.Web\Tribitgroup.Framework.Identity.Web.csproj", "{318F21E0-3241-4E78-904F-5C22C33FF925}"
EndProject
Project("{9A19103F-16F7-4668-BE54-9A1E7A4F7556}") = "Tribitgroup.Framework.Persistance.Tests", "test\Tribitgroup.Framework.Persistance.Tests\Tribitgroup.Framework.Persistance.Tests.csproj", "{E138A7E2-8B5E-43D9-97EF-979326D95300}"
EndProject
Project("{9A19103F-16F7-4668-BE54-9A1E7A4F7556}") = "Tribitgroup.Framework.Identity.Shared.Tests", "test\Tribitgroup.Framework.Identity.Shared.Tests\Tribitgroup.Framework.Identity.Shared.Tests.csproj", "{76C3EC41-8454-45AB-AE0D-CD4E4F328F83}"
EndProject
Project("{9A19103F-16F7-4668-BE54-9A1E7A4F7556}") = "Tribitgroup.Framework.Identity.EF", "src\core\Tribitgroup.Framework.Identity.EF\Tribitgroup.Framework.Identity.EF.csproj", "{6EFB9C14-C77B-4F25-A30D-8EC1E48416F3}"
EndProject
Project("{9A19103F-16F7-4668-BE54-9A1E7A4F7556}") = "Tribitgroup.Framework.Test.Helper", "src\core\Tribitgroup.Framework.Test.Helper\Tribitgroup.Framework.Test.Helper.csproj", "{8B2E84D4-2698-4BFA-A2FE-D28BE57744CA}"
EndProject
Project("{9A19103F-16F7-4668-BE54-9A1E7A4F7556}") = "Tribitgroup.Framework.EF", "src\core\Tribitgroup.Framework.EF\Tribitgroup.Framework.EF.csproj", "{F2710BA1-F1A1-47F9-9452-B84ECE4108BE}"
EndProject
Project("{FAE04EC0-301F-11D3-BF4B-00C04F79EFBC}") = "Tribitgroup.Framework.Shared.Tests", "test\Tribitgroup.Framework.Shared.Tests\Tribitgroup.Framework.Shared.Tests.csproj", "{231A8A9C-4803-4BC6-8E34-55FAA2E36887}"
EndProject
Global
	GlobalSection(SolutionConfigurationPlatforms) = preSolution
		Debug|Any CPU = Debug|Any CPU
		Release|Any CPU = Release|Any CPU
	EndGlobalSection
	GlobalSection(ProjectConfigurationPlatforms) = postSolution
		{A99EBD09-2DEE-4E68-8957-D8FE940C2EAF}.Debug|Any CPU.ActiveCfg = Debug|Any CPU
		{A99EBD09-2DEE-4E68-8957-D8FE940C2EAF}.Debug|Any CPU.Build.0 = Debug|Any CPU
		{A99EBD09-2DEE-4E68-8957-D8FE940C2EAF}.Release|Any CPU.ActiveCfg = Release|Any CPU
		{A99EBD09-2DEE-4E68-8957-D8FE940C2EAF}.Release|Any CPU.Build.0 = Release|Any CPU
		{40DAD6FD-2250-428D-BAE0-231F8A687659}.Debug|Any CPU.ActiveCfg = Debug|Any CPU
		{40DAD6FD-2250-428D-BAE0-231F8A687659}.Debug|Any CPU.Build.0 = Debug|Any CPU
		{40DAD6FD-2250-428D-BAE0-231F8A687659}.Release|Any CPU.ActiveCfg = Release|Any CPU
		{40DAD6FD-2250-428D-BAE0-231F8A687659}.Release|Any CPU.Build.0 = Release|Any CPU
		{FD0CAD44-8EA3-4D89-8D35-5BB3E5A76FAC}.Debug|Any CPU.ActiveCfg = Debug|Any CPU
		{FD0CAD44-8EA3-4D89-8D35-5BB3E5A76FAC}.Debug|Any CPU.Build.0 = Debug|Any CPU
		{FD0CAD44-8EA3-4D89-8D35-5BB3E5A76FAC}.Release|Any CPU.ActiveCfg = Release|Any CPU
		{FD0CAD44-8EA3-4D89-8D35-5BB3E5A76FAC}.Release|Any CPU.Build.0 = Release|Any CPU
		{9A38020D-3A80-4B92-B6CE-F605BBA0C15B}.Debug|Any CPU.ActiveCfg = Debug|Any CPU
		{9A38020D-3A80-4B92-B6CE-F605BBA0C15B}.Debug|Any CPU.Build.0 = Debug|Any CPU
		{9A38020D-3A80-4B92-B6CE-F605BBA0C15B}.Release|Any CPU.ActiveCfg = Release|Any CPU
		{9A38020D-3A80-4B92-B6CE-F605BBA0C15B}.Release|Any CPU.Build.0 = Release|Any CPU
		{C7EE7DFC-59E2-4649-9BCE-EA4707885984}.Debug|Any CPU.ActiveCfg = Debug|Any CPU
		{C7EE7DFC-59E2-4649-9BCE-EA4707885984}.Debug|Any CPU.Build.0 = Debug|Any CPU
		{C7EE7DFC-59E2-4649-9BCE-EA4707885984}.Release|Any CPU.ActiveCfg = Release|Any CPU
		{C7EE7DFC-59E2-4649-9BCE-EA4707885984}.Release|Any CPU.Build.0 = Release|Any CPU
		{F16F3CD5-C407-43F2-BB5C-AA7D1C411CCE}.Debug|Any CPU.ActiveCfg = Debug|Any CPU
		{F16F3CD5-C407-43F2-BB5C-AA7D1C411CCE}.Debug|Any CPU.Build.0 = Debug|Any CPU
		{F16F3CD5-C407-43F2-BB5C-AA7D1C411CCE}.Release|Any CPU.ActiveCfg = Release|Any CPU
		{F16F3CD5-C407-43F2-BB5C-AA7D1C411CCE}.Release|Any CPU.Build.0 = Release|Any CPU
		{120704FF-8A95-48D8-B31D-19A4600E9EEA}.Debug|Any CPU.ActiveCfg = Debug|Any CPU
		{120704FF-8A95-48D8-B31D-19A4600E9EEA}.Debug|Any CPU.Build.0 = Debug|Any CPU
		{120704FF-8A95-48D8-B31D-19A4600E9EEA}.Release|Any CPU.ActiveCfg = Release|Any CPU
		{120704FF-8A95-48D8-B31D-19A4600E9EEA}.Release|Any CPU.Build.0 = Release|Any CPU
		{A4809E38-A787-41CF-856A-8879F964D7FE}.Debug|Any CPU.ActiveCfg = Debug|Any CPU
		{A4809E38-A787-41CF-856A-8879F964D7FE}.Debug|Any CPU.Build.0 = Debug|Any CPU
		{A4809E38-A787-41CF-856A-8879F964D7FE}.Release|Any CPU.ActiveCfg = Release|Any CPU
		{A4809E38-A787-41CF-856A-8879F964D7FE}.Release|Any CPU.Build.0 = Release|Any CPU
		{E005A20B-1CE2-47B7-9AC2-344102346745}.Debug|Any CPU.ActiveCfg = Debug|Any CPU
		{E005A20B-1CE2-47B7-9AC2-344102346745}.Debug|Any CPU.Build.0 = Debug|Any CPU
		{E005A20B-1CE2-47B7-9AC2-344102346745}.Release|Any CPU.ActiveCfg = Release|Any CPU
		{E005A20B-1CE2-47B7-9AC2-344102346745}.Release|Any CPU.Build.0 = Release|Any CPU
		{318F21E0-3241-4E78-904F-5C22C33FF925}.Debug|Any CPU.ActiveCfg = Debug|Any CPU
		{318F21E0-3241-4E78-904F-5C22C33FF925}.Debug|Any CPU.Build.0 = Debug|Any CPU
		{318F21E0-3241-4E78-904F-5C22C33FF925}.Release|Any CPU.ActiveCfg = Release|Any CPU
		{318F21E0-3241-4E78-904F-5C22C33FF925}.Release|Any CPU.Build.0 = Release|Any CPU
		{E138A7E2-8B5E-43D9-97EF-979326D95300}.Debug|Any CPU.ActiveCfg = Debug|Any CPU
		{E138A7E2-8B5E-43D9-97EF-979326D95300}.Debug|Any CPU.Build.0 = Debug|Any CPU
		{E138A7E2-8B5E-43D9-97EF-979326D95300}.Release|Any CPU.ActiveCfg = Release|Any CPU
		{E138A7E2-8B5E-43D9-97EF-979326D95300}.Release|Any CPU.Build.0 = Release|Any CPU
		{76C3EC41-8454-45AB-AE0D-CD4E4F328F83}.Debug|Any CPU.ActiveCfg = Debug|Any CPU
		{76C3EC41-8454-45AB-AE0D-CD4E4F328F83}.Debug|Any CPU.Build.0 = Debug|Any CPU
		{76C3EC41-8454-45AB-AE0D-CD4E4F328F83}.Release|Any CPU.ActiveCfg = Release|Any CPU
		{76C3EC41-8454-45AB-AE0D-CD4E4F328F83}.Release|Any CPU.Build.0 = Release|Any CPU
		{6EFB9C14-C77B-4F25-A30D-8EC1E48416F3}.Debug|Any CPU.ActiveCfg = Debug|Any CPU
		{6EFB9C14-C77B-4F25-A30D-8EC1E48416F3}.Debug|Any CPU.Build.0 = Debug|Any CPU
		{6EFB9C14-C77B-4F25-A30D-8EC1E48416F3}.Release|Any CPU.ActiveCfg = Release|Any CPU
		{6EFB9C14-C77B-4F25-A30D-8EC1E48416F3}.Release|Any CPU.Build.0 = Release|Any CPU
		{8B2E84D4-2698-4BFA-A2FE-D28BE57744CA}.Debug|Any CPU.ActiveCfg = Debug|Any CPU
		{8B2E84D4-2698-4BFA-A2FE-D28BE57744CA}.Debug|Any CPU.Build.0 = Debug|Any CPU
		{8B2E84D4-2698-4BFA-A2FE-D28BE57744CA}.Release|Any CPU.ActiveCfg = Release|Any CPU
		{8B2E84D4-2698-4BFA-A2FE-D28BE57744CA}.Release|Any CPU.Build.0 = Release|Any CPU
		{F2710BA1-F1A1-47F9-9452-B84ECE4108BE}.Debug|Any CPU.ActiveCfg = Debug|Any CPU
		{F2710BA1-F1A1-47F9-9452-B84ECE4108BE}.Debug|Any CPU.Build.0 = Debug|Any CPU
		{F2710BA1-F1A1-47F9-9452-B84ECE4108BE}.Release|Any CPU.ActiveCfg = Release|Any CPU
		{F2710BA1-F1A1-47F9-9452-B84ECE4108BE}.Release|Any CPU.Build.0 = Release|Any CPU
		{231A8A9C-4803-4BC6-8E34-55FAA2E36887}.Debug|Any CPU.ActiveCfg = Debug|Any CPU
		{231A8A9C-4803-4BC6-8E34-55FAA2E36887}.Debug|Any CPU.Build.0 = Debug|Any CPU
		{231A8A9C-4803-4BC6-8E34-55FAA2E36887}.Release|Any CPU.ActiveCfg = Release|Any CPU
		{231A8A9C-4803-4BC6-8E34-55FAA2E36887}.Release|Any CPU.Build.0 = Release|Any CPU
	EndGlobalSection
	GlobalSection(SolutionProperties) = preSolution
		HideSolutionNode = FALSE
	EndGlobalSection
	GlobalSection(NestedProjects) = preSolution
		{04BDBA8D-826A-44F6-8E7E-68A253908FAB} = {1CADFD56-F23F-4A8B-A4A5-C3A7B9983A29}
		{CE7C692C-CA60-40BC-9081-2DB0CAA936BD} = {1CADFD56-F23F-4A8B-A4A5-C3A7B9983A29}
		{A99EBD09-2DEE-4E68-8957-D8FE940C2EAF} = {04BDBA8D-826A-44F6-8E7E-68A253908FAB}
		{40DAD6FD-2250-428D-BAE0-231F8A687659} = {04BDBA8D-826A-44F6-8E7E-68A253908FAB}
		{FD0CAD44-8EA3-4D89-8D35-5BB3E5A76FAC} = {CE7C692C-CA60-40BC-9081-2DB0CAA936BD}
		{9A38020D-3A80-4B92-B6CE-F605BBA0C15B} = {04BDBA8D-826A-44F6-8E7E-68A253908FAB}
		{C7EE7DFC-59E2-4649-9BCE-EA4707885984} = {18CC7602-5704-41A3-892B-CE6C4953522F}
		{F16F3CD5-C407-43F2-BB5C-AA7D1C411CCE} = {CE7C692C-CA60-40BC-9081-2DB0CAA936BD}
		{120704FF-8A95-48D8-B31D-19A4600E9EEA} = {04BDBA8D-826A-44F6-8E7E-68A253908FAB}
		{A4809E38-A787-41CF-856A-8879F964D7FE} = {04BDBA8D-826A-44F6-8E7E-68A253908FAB}
		{E005A20B-1CE2-47B7-9AC2-344102346745} = {04BDBA8D-826A-44F6-8E7E-68A253908FAB}
		{318F21E0-3241-4E78-904F-5C22C33FF925} = {04BDBA8D-826A-44F6-8E7E-68A253908FAB}
		{E138A7E2-8B5E-43D9-97EF-979326D95300} = {18CC7602-5704-41A3-892B-CE6C4953522F}
		{76C3EC41-8454-45AB-AE0D-CD4E4F328F83} = {18CC7602-5704-41A3-892B-CE6C4953522F}
		{6EFB9C14-C77B-4F25-A30D-8EC1E48416F3} = {04BDBA8D-826A-44F6-8E7E-68A253908FAB}
		{8B2E84D4-2698-4BFA-A2FE-D28BE57744CA} = {04BDBA8D-826A-44F6-8E7E-68A253908FAB}
		{F2710BA1-F1A1-47F9-9452-B84ECE4108BE} = {04BDBA8D-826A-44F6-8E7E-68A253908FAB}
		{231A8A9C-4803-4BC6-8E34-55FAA2E36887} = {18CC7602-5704-41A3-892B-CE6C4953522F}
	EndGlobalSection
	GlobalSection(ExtensibilityGlobals) = postSolution
		SolutionGuid = {71091628-2E7E-4C66-8215-8DA5776EAA26}
	EndGlobalSection
EndGlobal
